
Microsoft Visual Studio Solution File, Format Version 12.00
# Visual Studio Version 16
VisualStudioVersion = 16.0.30011.22
MinimumVisualStudioVersion = 10.0.40219.1
Project("{9A19103F-16F7-4668-BE54-9A1E7A4F7556}") = "ProyectoFinal", "ProyectoFinal\ProyectoFinal.csproj", "{0C4982C7-4602-4130-ABBB-CBF9DCB05A58}"
EndProject
Project("{FAE04EC0-301F-11D3-BF4B-00C04F79EFBC}") = "PublicarTrabajo", "PublicarTrabajo\PublicarTrabajo.csproj", "{BCD90E96-E301-42A3-B67E-C6C545F471BB}"
EndProject
Project("{FAE04EC0-301F-11D3-BF4B-00C04F79EFBC}") = "RegistrarUsuario", "RegistrarUsuario\RegistrarUsuario.csproj", "{80963892-EDB1-4367-B9EA-4763191CEB6F}"
EndProject
Project("{FAE04EC0-301F-11D3-BF4B-00C04F79EFBC}") = "EnviarCorreo", "EnviarCorreo\EnviarCorreo.csproj", "{673C0D29-4EB1-4C02-9F53-4BB2BF2AECFC}"
EndProject
Project("{FAE04EC0-301F-11D3-BF4B-00C04F79EFBC}") = "PruebaFinal", "PruebaFinal\PruebaFinal.csproj", "{601A42CA-C018-458D-9844-F8299BA661DF}"
EndProject
Project("{FAE04EC0-301F-11D3-BF4B-00C04F79EFBC}") = "login", "Loggin\login.csproj", "{95419760-9AC1-4E69-8F59-3F8C64A717DC}"
EndProject
Project("{FAE04EC0-301F-11D3-BF4B-00C04F79EFBC}") = "Connected", "Connected\Connected.csproj", "{82B01F74-86C9-487C-8654-5115D4838D60}"
EndProject
Project("{FAE04EC0-301F-11D3-BF4B-00C04F79EFBC}") = "LoginForm", "LoginForm\LoginForm.csproj", "{89C4FB00-81AB-460A-830D-90FF9E668834}"
EndProject
Project("{FAE04EC0-301F-11D3-BF4B-00C04F79EFBC}") = "ModificarPublicacion", "ModificarPublicacion\ModificarPublicacion.csproj", "{80232FDC-3F62-4AB7-B05A-A989A029DBE5}"
EndProject
Global
	GlobalSection(SolutionConfigurationPlatforms) = preSolution
		Debug|Any CPU = Debug|Any CPU
		Debug|ARM = Debug|ARM
		Debug|ARM64 = Debug|ARM64
		Debug|x64 = Debug|x64
		Debug|x86 = Debug|x86
		Release|Any CPU = Release|Any CPU
		Release|ARM = Release|ARM
		Release|ARM64 = Release|ARM64
		Release|x64 = Release|x64
		Release|x86 = Release|x86
	EndGlobalSection
	GlobalSection(ProjectConfigurationPlatforms) = postSolution
		{0C4982C7-4602-4130-ABBB-CBF9DCB05A58}.Debug|Any CPU.ActiveCfg = Debug|Any CPU
		{0C4982C7-4602-4130-ABBB-CBF9DCB05A58}.Debug|Any CPU.Build.0 = Debug|Any CPU
		{0C4982C7-4602-4130-ABBB-CBF9DCB05A58}.Debug|ARM.ActiveCfg = Debug|Any CPU
		{0C4982C7-4602-4130-ABBB-CBF9DCB05A58}.Debug|ARM.Build.0 = Debug|Any CPU
		{0C4982C7-4602-4130-ABBB-CBF9DCB05A58}.Debug|ARM64.ActiveCfg = Debug|Any CPU
		{0C4982C7-4602-4130-ABBB-CBF9DCB05A58}.Debug|ARM64.Build.0 = Debug|Any CPU
		{0C4982C7-4602-4130-ABBB-CBF9DCB05A58}.Debug|x64.ActiveCfg = Debug|Any CPU
		{0C4982C7-4602-4130-ABBB-CBF9DCB05A58}.Debug|x64.Build.0 = Debug|Any CPU
		{0C4982C7-4602-4130-ABBB-CBF9DCB05A58}.Debug|x86.ActiveCfg = Debug|Any CPU
		{0C4982C7-4602-4130-ABBB-CBF9DCB05A58}.Debug|x86.Build.0 = Debug|Any CPU
		{0C4982C7-4602-4130-ABBB-CBF9DCB05A58}.Release|Any CPU.ActiveCfg = Release|Any CPU
		{0C4982C7-4602-4130-ABBB-CBF9DCB05A58}.Release|Any CPU.Build.0 = Release|Any CPU
		{0C4982C7-4602-4130-ABBB-CBF9DCB05A58}.Release|ARM.ActiveCfg = Release|Any CPU
		{0C4982C7-4602-4130-ABBB-CBF9DCB05A58}.Release|ARM.Build.0 = Release|Any CPU
		{0C4982C7-4602-4130-ABBB-CBF9DCB05A58}.Release|ARM64.ActiveCfg = Release|Any CPU
		{0C4982C7-4602-4130-ABBB-CBF9DCB05A58}.Release|ARM64.Build.0 = Release|Any CPU
		{0C4982C7-4602-4130-ABBB-CBF9DCB05A58}.Release|x64.ActiveCfg = Release|Any CPU
		{0C4982C7-4602-4130-ABBB-CBF9DCB05A58}.Release|x64.Build.0 = Release|Any CPU
		{0C4982C7-4602-4130-ABBB-CBF9DCB05A58}.Release|x86.ActiveCfg = Release|Any CPU
		{0C4982C7-4602-4130-ABBB-CBF9DCB05A58}.Release|x86.Build.0 = Release|Any CPU
		{BCD90E96-E301-42A3-B67E-C6C545F471BB}.Debug|Any CPU.ActiveCfg = Debug|Any CPU
		{BCD90E96-E301-42A3-B67E-C6C545F471BB}.Debug|Any CPU.Build.0 = Debug|Any CPU
		{BCD90E96-E301-42A3-B67E-C6C545F471BB}.Debug|ARM.ActiveCfg = Debug|Any CPU
		{BCD90E96-E301-42A3-B67E-C6C545F471BB}.Debug|ARM.Build.0 = Debug|Any CPU
		{BCD90E96-E301-42A3-B67E-C6C545F471BB}.Debug|ARM64.ActiveCfg = Debug|Any CPU
		{BCD90E96-E301-42A3-B67E-C6C545F471BB}.Debug|ARM64.Build.0 = Debug|Any CPU
		{BCD90E96-E301-42A3-B67E-C6C545F471BB}.Debug|x64.ActiveCfg = Debug|Any CPU
		{BCD90E96-E301-42A3-B67E-C6C545F471BB}.Debug|x64.Build.0 = Debug|Any CPU
		{BCD90E96-E301-42A3-B67E-C6C545F471BB}.Debug|x86.ActiveCfg = Debug|Any CPU
		{BCD90E96-E301-42A3-B67E-C6C545F471BB}.Debug|x86.Build.0 = Debug|Any CPU
		{BCD90E96-E301-42A3-B67E-C6C545F471BB}.Release|Any CPU.ActiveCfg = Release|Any CPU
		{BCD90E96-E301-42A3-B67E-C6C545F471BB}.Release|Any CPU.Build.0 = Release|Any CPU
		{BCD90E96-E301-42A3-B67E-C6C545F471BB}.Release|ARM.ActiveCfg = Release|Any CPU
		{BCD90E96-E301-42A3-B67E-C6C545F471BB}.Release|ARM.Build.0 = Release|Any CPU
		{BCD90E96-E301-42A3-B67E-C6C545F471BB}.Release|ARM64.ActiveCfg = Release|Any CPU
		{BCD90E96-E301-42A3-B67E-C6C545F471BB}.Release|ARM64.Build.0 = Release|Any CPU
		{BCD90E96-E301-42A3-B67E-C6C545F471BB}.Release|x64.ActiveCfg = Release|Any CPU
		{BCD90E96-E301-42A3-B67E-C6C545F471BB}.Release|x64.Build.0 = Release|Any CPU
		{BCD90E96-E301-42A3-B67E-C6C545F471BB}.Release|x86.ActiveCfg = Release|Any CPU
		{BCD90E96-E301-42A3-B67E-C6C545F471BB}.Release|x86.Build.0 = Release|Any CPU
		{80963892-EDB1-4367-B9EA-4763191CEB6F}.Debug|Any CPU.ActiveCfg = Debug|Any CPU
		{80963892-EDB1-4367-B9EA-4763191CEB6F}.Debug|Any CPU.Build.0 = Debug|Any CPU
		{80963892-EDB1-4367-B9EA-4763191CEB6F}.Debug|ARM.ActiveCfg = Debug|Any CPU
		{80963892-EDB1-4367-B9EA-4763191CEB6F}.Debug|ARM.Build.0 = Debug|Any CPU
		{80963892-EDB1-4367-B9EA-4763191CEB6F}.Debug|ARM64.ActiveCfg = Debug|Any CPU
		{80963892-EDB1-4367-B9EA-4763191CEB6F}.Debug|ARM64.Build.0 = Debug|Any CPU
		{80963892-EDB1-4367-B9EA-4763191CEB6F}.Debug|x64.ActiveCfg = Debug|Any CPU
		{80963892-EDB1-4367-B9EA-4763191CEB6F}.Debug|x64.Build.0 = Debug|Any CPU
		{80963892-EDB1-4367-B9EA-4763191CEB6F}.Debug|x86.ActiveCfg = Debug|Any CPU
		{80963892-EDB1-4367-B9EA-4763191CEB6F}.Debug|x86.Build.0 = Debug|Any CPU
		{80963892-EDB1-4367-B9EA-4763191CEB6F}.Release|Any CPU.ActiveCfg = Release|Any CPU
		{80963892-EDB1-4367-B9EA-4763191CEB6F}.Release|Any CPU.Build.0 = Release|Any CPU
		{80963892-EDB1-4367-B9EA-4763191CEB6F}.Release|ARM.ActiveCfg = Release|Any CPU
		{80963892-EDB1-4367-B9EA-4763191CEB6F}.Release|ARM.Build.0 = Release|Any CPU
		{80963892-EDB1-4367-B9EA-4763191CEB6F}.Release|ARM64.ActiveCfg = Release|Any CPU
		{80963892-EDB1-4367-B9EA-4763191CEB6F}.Release|ARM64.Build.0 = Release|Any CPU
		{80963892-EDB1-4367-B9EA-4763191CEB6F}.Release|x64.ActiveCfg = Release|Any CPU
		{80963892-EDB1-4367-B9EA-4763191CEB6F}.Release|x64.Build.0 = Release|Any CPU
		{80963892-EDB1-4367-B9EA-4763191CEB6F}.Release|x86.ActiveCfg = Release|Any CPU
		{80963892-EDB1-4367-B9EA-4763191CEB6F}.Release|x86.Build.0 = Release|Any CPU
		{673C0D29-4EB1-4C02-9F53-4BB2BF2AECFC}.Debug|Any CPU.ActiveCfg = Debug|Any CPU
		{673C0D29-4EB1-4C02-9F53-4BB2BF2AECFC}.Debug|Any CPU.Build.0 = Debug|Any CPU
		{673C0D29-4EB1-4C02-9F53-4BB2BF2AECFC}.Debug|ARM.ActiveCfg = Debug|Any CPU
		{673C0D29-4EB1-4C02-9F53-4BB2BF2AECFC}.Debug|ARM.Build.0 = Debug|Any CPU
		{673C0D29-4EB1-4C02-9F53-4BB2BF2AECFC}.Debug|ARM64.ActiveCfg = Debug|Any CPU
		{673C0D29-4EB1-4C02-9F53-4BB2BF2AECFC}.Debug|ARM64.Build.0 = Debug|Any CPU
		{673C0D29-4EB1-4C02-9F53-4BB2BF2AECFC}.Debug|x64.ActiveCfg = Debug|Any CPU
		{673C0D29-4EB1-4C02-9F53-4BB2BF2AECFC}.Debug|x64.Build.0 = Debug|Any CPU
		{673C0D29-4EB1-4C02-9F53-4BB2BF2AECFC}.Debug|x86.ActiveCfg = Debug|Any CPU
		{673C0D29-4EB1-4C02-9F53-4BB2BF2AECFC}.Debug|x86.Build.0 = Debug|Any CPU
		{673C0D29-4EB1-4C02-9F53-4BB2BF2AECFC}.Release|Any CPU.ActiveCfg = Release|Any CPU
		{673C0D29-4EB1-4C02-9F53-4BB2BF2AECFC}.Release|Any CPU.Build.0 = Release|Any CPU
		{673C0D29-4EB1-4C02-9F53-4BB2BF2AECFC}.Release|ARM.ActiveCfg = Release|Any CPU
		{673C0D29-4EB1-4C02-9F53-4BB2BF2AECFC}.Release|ARM.Build.0 = Release|Any CPU
		{673C0D29-4EB1-4C02-9F53-4BB2BF2AECFC}.Release|ARM64.ActiveCfg = Release|Any CPU
		{673C0D29-4EB1-4C02-9F53-4BB2BF2AECFC}.Release|ARM64.Build.0 = Release|Any CPU
		{673C0D29-4EB1-4C02-9F53-4BB2BF2AECFC}.Release|x64.ActiveCfg = Release|Any CPU
		{673C0D29-4EB1-4C02-9F53-4BB2BF2AECFC}.Release|x64.Build.0 = Release|Any CPU
		{673C0D29-4EB1-4C02-9F53-4BB2BF2AECFC}.Release|x86.ActiveCfg = Release|Any CPU
		{673C0D29-4EB1-4C02-9F53-4BB2BF2AECFC}.Release|x86.Build.0 = Release|Any CPU
		{601A42CA-C018-458D-9844-F8299BA661DF}.Debug|Any CPU.ActiveCfg = Debug|Any CPU
		{601A42CA-C018-458D-9844-F8299BA661DF}.Debug|Any CPU.Build.0 = Debug|Any CPU
		{601A42CA-C018-458D-9844-F8299BA661DF}.Debug|ARM.ActiveCfg = Debug|Any CPU
		{601A42CA-C018-458D-9844-F8299BA661DF}.Debug|ARM.Build.0 = Debug|Any CPU
		{601A42CA-C018-458D-9844-F8299BA661DF}.Debug|ARM64.ActiveCfg = Debug|Any CPU
		{601A42CA-C018-458D-9844-F8299BA661DF}.Debug|ARM64.Build.0 = Debug|Any CPU
		{601A42CA-C018-458D-9844-F8299BA661DF}.Debug|x64.ActiveCfg = Debug|Any CPU
		{601A42CA-C018-458D-9844-F8299BA661DF}.Debug|x64.Build.0 = Debug|Any CPU
		{601A42CA-C018-458D-9844-F8299BA661DF}.Debug|x86.ActiveCfg = Debug|Any CPU
		{601A42CA-C018-458D-9844-F8299BA661DF}.Debug|x86.Build.0 = Debug|Any CPU
		{601A42CA-C018-458D-9844-F8299BA661DF}.Release|Any CPU.ActiveCfg = Release|Any CPU
		{601A42CA-C018-458D-9844-F8299BA661DF}.Release|Any CPU.Build.0 = Release|Any CPU
		{601A42CA-C018-458D-9844-F8299BA661DF}.Release|ARM.ActiveCfg = Release|Any CPU
		{601A42CA-C018-458D-9844-F8299BA661DF}.Release|ARM.Build.0 = Release|Any CPU
		{601A42CA-C018-458D-9844-F8299BA661DF}.Release|ARM64.ActiveCfg = Release|Any CPU
		{601A42CA-C018-458D-9844-F8299BA661DF}.Release|ARM64.Build.0 = Release|Any CPU
		{601A42CA-C018-458D-9844-F8299BA661DF}.Release|x64.ActiveCfg = Release|Any CPU
		{601A42CA-C018-458D-9844-F8299BA661DF}.Release|x64.Build.0 = Release|Any CPU
		{601A42CA-C018-458D-9844-F8299BA661DF}.Release|x86.ActiveCfg = Release|Any CPU
		{601A42CA-C018-458D-9844-F8299BA661DF}.Release|x86.Build.0 = Release|Any CPU
		{95419760-9AC1-4E69-8F59-3F8C64A717DC}.Debug|Any CPU.ActiveCfg = Debug|Any CPU
		{95419760-9AC1-4E69-8F59-3F8C64A717DC}.Debug|Any CPU.Build.0 = Debug|Any CPU
		{95419760-9AC1-4E69-8F59-3F8C64A717DC}.Debug|ARM.ActiveCfg = Debug|Any CPU
		{95419760-9AC1-4E69-8F59-3F8C64A717DC}.Debug|ARM.Build.0 = Debug|Any CPU
		{95419760-9AC1-4E69-8F59-3F8C64A717DC}.Debug|ARM64.ActiveCfg = Debug|Any CPU
		{95419760-9AC1-4E69-8F59-3F8C64A717DC}.Debug|ARM64.Build.0 = Debug|Any CPU
		{95419760-9AC1-4E69-8F59-3F8C64A717DC}.Debug|x64.ActiveCfg = Debug|Any CPU
		{95419760-9AC1-4E69-8F59-3F8C64A717DC}.Debug|x64.Build.0 = Debug|Any CPU
		{95419760-9AC1-4E69-8F59-3F8C64A717DC}.Debug|x86.ActiveCfg = Debug|Any CPU
		{95419760-9AC1-4E69-8F59-3F8C64A717DC}.Debug|x86.Build.0 = Debug|Any CPU
		{95419760-9AC1-4E69-8F59-3F8C64A717DC}.Release|Any CPU.ActiveCfg = Release|Any CPU
		{95419760-9AC1-4E69-8F59-3F8C64A717DC}.Release|Any CPU.Build.0 = Release|Any CPU
		{95419760-9AC1-4E69-8F59-3F8C64A717DC}.Release|ARM.ActiveCfg = Release|Any CPU
		{95419760-9AC1-4E69-8F59-3F8C64A717DC}.Release|ARM.Build.0 = Release|Any CPU
		{95419760-9AC1-4E69-8F59-3F8C64A717DC}.Release|ARM64.ActiveCfg = Release|Any CPU
		{95419760-9AC1-4E69-8F59-3F8C64A717DC}.Release|ARM64.Build.0 = Release|Any CPU
		{95419760-9AC1-4E69-8F59-3F8C64A717DC}.Release|x64.ActiveCfg = Release|Any CPU
		{95419760-9AC1-4E69-8F59-3F8C64A717DC}.Release|x64.Build.0 = Release|Any CPU
		{95419760-9AC1-4E69-8F59-3F8C64A717DC}.Release|x86.ActiveCfg = Release|Any CPU
		{95419760-9AC1-4E69-8F59-3F8C64A717DC}.Release|x86.Build.0 = Release|Any CPU
		{82B01F74-86C9-487C-8654-5115D4838D60}.Debug|Any CPU.ActiveCfg = Debug|Any CPU
		{82B01F74-86C9-487C-8654-5115D4838D60}.Debug|Any CPU.Build.0 = Debug|Any CPU
		{82B01F74-86C9-487C-8654-5115D4838D60}.Debug|ARM.ActiveCfg = Debug|Any CPU
		{82B01F74-86C9-487C-8654-5115D4838D60}.Debug|ARM.Build.0 = Debug|Any CPU
		{82B01F74-86C9-487C-8654-5115D4838D60}.Debug|ARM64.ActiveCfg = Debug|Any CPU
		{82B01F74-86C9-487C-8654-5115D4838D60}.Debug|ARM64.Build.0 = Debug|Any CPU
		{82B01F74-86C9-487C-8654-5115D4838D60}.Debug|x64.ActiveCfg = Debug|Any CPU
		{82B01F74-86C9-487C-8654-5115D4838D60}.Debug|x64.Build.0 = Debug|Any CPU
		{82B01F74-86C9-487C-8654-5115D4838D60}.Debug|x86.ActiveCfg = Debug|Any CPU
		{82B01F74-86C9-487C-8654-5115D4838D60}.Debug|x86.Build.0 = Debug|Any CPU
		{82B01F74-86C9-487C-8654-5115D4838D60}.Release|Any CPU.ActiveCfg = Release|Any CPU
		{82B01F74-86C9-487C-8654-5115D4838D60}.Release|Any CPU.Build.0 = Release|Any CPU
		{82B01F74-86C9-487C-8654-5115D4838D60}.Release|ARM.ActiveCfg = Release|Any CPU
		{82B01F74-86C9-487C-8654-5115D4838D60}.Release|ARM.Build.0 = Release|Any CPU
		{82B01F74-86C9-487C-8654-5115D4838D60}.Release|ARM64.ActiveCfg = Release|Any CPU
		{82B01F74-86C9-487C-8654-5115D4838D60}.Release|ARM64.Build.0 = Release|Any CPU
		{82B01F74-86C9-487C-8654-5115D4838D60}.Release|x64.ActiveCfg = Release|Any CPU
		{82B01F74-86C9-487C-8654-5115D4838D60}.Release|x64.Build.0 = Release|Any CPU
		{82B01F74-86C9-487C-8654-5115D4838D60}.Release|x86.ActiveCfg = Release|Any CPU
		{82B01F74-86C9-487C-8654-5115D4838D60}.Release|x86.Build.0 = Release|Any CPU
		{89C4FB00-81AB-460A-830D-90FF9E668834}.Debug|Any CPU.ActiveCfg = Debug|Any CPU
		{89C4FB00-81AB-460A-830D-90FF9E668834}.Debug|Any CPU.Build.0 = Debug|Any CPU
		{89C4FB00-81AB-460A-830D-90FF9E668834}.Debug|ARM.ActiveCfg = Debug|Any CPU
		{89C4FB00-81AB-460A-830D-90FF9E668834}.Debug|ARM.Build.0 = Debug|Any CPU
		{89C4FB00-81AB-460A-830D-90FF9E668834}.Debug|ARM64.ActiveCfg = Debug|Any CPU
		{89C4FB00-81AB-460A-830D-90FF9E668834}.Debug|ARM64.Build.0 = Debug|Any CPU
		{89C4FB00-81AB-460A-830D-90FF9E668834}.Debug|x64.ActiveCfg = Debug|Any CPU
		{89C4FB00-81AB-460A-830D-90FF9E668834}.Debug|x64.Build.0 = Debug|Any CPU
		{89C4FB00-81AB-460A-830D-90FF9E668834}.Debug|x86.ActiveCfg = Debug|Any CPU
		{89C4FB00-81AB-460A-830D-90FF9E668834}.Debug|x86.Build.0 = Debug|Any CPU
		{89C4FB00-81AB-460A-830D-90FF9E668834}.Release|Any CPU.ActiveCfg = Release|Any CPU
		{89C4FB00-81AB-460A-830D-90FF9E668834}.Release|Any CPU.Build.0 = Release|Any CPU
		{89C4FB00-81AB-460A-830D-90FF9E668834}.Release|ARM.ActiveCfg = Release|Any CPU
		{89C4FB00-81AB-460A-830D-90FF9E668834}.Release|ARM.Build.0 = Release|Any CPU
		{89C4FB00-81AB-460A-830D-90FF9E668834}.Release|ARM64.ActiveCfg = Release|Any CPU
		{89C4FB00-81AB-460A-830D-90FF9E668834}.Release|ARM64.Build.0 = Release|Any CPU
		{89C4FB00-81AB-460A-830D-90FF9E668834}.Release|x64.ActiveCfg = Release|Any CPU
		{89C4FB00-81AB-460A-830D-90FF9E668834}.Release|x64.Build.0 = Release|Any CPU
		{89C4FB00-81AB-460A-830D-90FF9E668834}.Release|x86.ActiveCfg = Release|Any CPU
		{89C4FB00-81AB-460A-830D-90FF9E668834}.Release|x86.Build.0 = Release|Any CPU
		{80232FDC-3F62-4AB7-B05A-A989A029DBE5}.Debug|Any CPU.ActiveCfg = Debug|Any CPU
		{80232FDC-3F62-4AB7-B05A-A989A029DBE5}.Debug|Any CPU.Build.0 = Debug|Any CPU
		{80232FDC-3F62-4AB7-B05A-A989A029DBE5}.Debug|ARM.ActiveCfg = Debug|Any CPU
		{80232FDC-3F62-4AB7-B05A-A989A029DBE5}.Debug|ARM.Build.0 = Debug|Any CPU
		{80232FDC-3F62-4AB7-B05A-A989A029DBE5}.Debug|ARM64.ActiveCfg = Debug|Any CPU
		{80232FDC-3F62-4AB7-B05A-A989A029DBE5}.Debug|ARM64.Build.0 = Debug|Any CPU
		{80232FDC-3F62-4AB7-B05A-A989A029DBE5}.Debug|x64.ActiveCfg = Debug|Any CPU
		{80232FDC-3F62-4AB7-B05A-A989A029DBE5}.Debug|x64.Build.0 = Debug|Any CPU
		{80232FDC-3F62-4AB7-B05A-A989A029DBE5}.Debug|x86.ActiveCfg = Debug|Any CPU
		{80232FDC-3F62-4AB7-B05A-A989A029DBE5}.Debug|x86.Build.0 = Debug|Any CPU
		{80232FDC-3F62-4AB7-B05A-A989A029DBE5}.Release|Any CPU.ActiveCfg = Release|Any CPU
		{80232FDC-3F62-4AB7-B05A-A989A029DBE5}.Release|Any CPU.Build.0 = Release|Any CPU
		{80232FDC-3F62-4AB7-B05A-A989A029DBE5}.Release|ARM.ActiveCfg = Release|Any CPU
		{80232FDC-3F62-4AB7-B05A-A989A029DBE5}.Release|ARM.Build.0 = Release|Any CPU
		{80232FDC-3F62-4AB7-B05A-A989A029DBE5}.Release|ARM64.ActiveCfg = Release|Any CPU
		{80232FDC-3F62-4AB7-B05A-A989A029DBE5}.Release|ARM64.Build.0 = Release|Any CPU
		{80232FDC-3F62-4AB7-B05A-A989A029DBE5}.Release|x64.ActiveCfg = Release|Any CPU
		{80232FDC-3F62-4AB7-B05A-A989A029DBE5}.Release|x64.Build.0 = Release|Any CPU
		{80232FDC-3F62-4AB7-B05A-A989A029DBE5}.Release|x86.ActiveCfg = Release|Any CPU
		{80232FDC-3F62-4AB7-B05A-A989A029DBE5}.Release|x86.Build.0 = Release|Any CPU
	EndGlobalSection
	GlobalSection(SolutionProperties) = preSolution
		HideSolutionNode = FALSE
	EndGlobalSection
	GlobalSection(ExtensibilityGlobals) = postSolution
		SolutionGuid = {5705D6AB-B382-4020-8E7C-FBEF6E832605}
	EndGlobalSection
EndGlobal
